
Microsoft Visual Studio Solution File, Format Version 12.00
Project("{FAE04EC0-301F-11D3-BF4B-00C04F79EFBC}") = "Drive", "Drive\Drive.csproj", "{2BE64F6B-784F-4790-B7E1-1BB1A957DF46}"
EndProject
Global
	GlobalSection(SolutionConfigurationPlatforms) = preSolution
		Debug|Any CPU = Debug|Any CPU
		Release|Any CPU = Release|Any CPU
	EndGlobalSection
	GlobalSection(ProjectConfigurationPlatforms) = postSolution
		{2BE64F6B-784F-4790-B7E1-1BB1A957DF46}.Debug|Any CPU.ActiveCfg = Debug|Any CPU
		{2BE64F6B-784F-4790-B7E1-1BB1A957DF46}.Debug|Any CPU.Build.0 = Debug|Any CPU
		{2BE64F6B-784F-4790-B7E1-1BB1A957DF46}.Release|Any CPU.ActiveCfg = Release|Any CPU
		{2BE64F6B-784F-4790-B7E1-1BB1A957DF46}.Release|Any CPU.Build.0 = Release|Any CPU
	EndGlobalSection
EndGlobal
